// !$*UTF8*$!
{
	archiveVersion = 1;
	classes = {
	};
	objectVersion = 48;
	objects = {

/* Begin PBXBuildFile section */
		1C9730F8FE6688EA12F0014E /* Pods_MarvelTests.framework in Frameworks */ = {isa = PBXBuildFile; fileRef = 46AC9CEF0956FAE90D0FC819 /* Pods_MarvelTests.framework */; };
		75516191207D43D30020AC12 /* MVCharactersModelMock.swift in Sources */ = {isa = PBXBuildFile; fileRef = 75516190207D43D30020AC12 /* MVCharactersModelMock.swift */; };
		81756FCE18B04BAAC324612F /* Pods_Marvel.framework in Frameworks */ = {isa = PBXBuildFile; fileRef = 737406F80991BF6547E934F4 /* Pods_Marvel.framework */; };
		8D0FD537207C30F70087D461 /* MVNetworkResultTypes.swift in Sources */ = {isa = PBXBuildFile; fileRef = 8D0FD536207C30F70087D461 /* MVNetworkResultTypes.swift */; };
		8D0FD539207C40E70087D461 /* MVAPIKeys.swift in Sources */ = {isa = PBXBuildFile; fileRef = 8D0FD538207C40E70087D461 /* MVAPIKeys.swift */; };
		8D0FD53C207C42360087D461 /* MVApiRequest.swift in Sources */ = {isa = PBXBuildFile; fileRef = 8D0FD53B207C42360087D461 /* MVApiRequest.swift */; };
		8D0FD53E207C43E70087D461 /* MVAPIRoutes.swift in Sources */ = {isa = PBXBuildFile; fileRef = 8D0FD53D207C43E70087D461 /* MVAPIRoutes.swift */; };
		8D0FD541207C4DBE0087D461 /* MVHomeViewModel.swift in Sources */ = {isa = PBXBuildFile; fileRef = 8D0FD540207C4DBE0087D461 /* MVHomeViewModel.swift */; };
		8D0FD543207C4DD00087D461 /* MVHomeViewController.swift in Sources */ = {isa = PBXBuildFile; fileRef = 8D0FD542207C4DD00087D461 /* MVHomeViewController.swift */; };
		8D0FD546207C4E470087D461 /* MVCharactersModel.swift in Sources */ = {isa = PBXBuildFile; fileRef = 8D0FD545207C4E470087D461 /* MVCharactersModel.swift */; };
		8D0FD548207C56DD0087D461 /* MVCharacter.swift in Sources */ = {isa = PBXBuildFile; fileRef = 8D0FD547207C56DD0087D461 /* MVCharacter.swift */; };
		8D0FD54E207CB5AD0087D461 /* MVRouter.swift in Sources */ = {isa = PBXBuildFile; fileRef = 8D0FD54D207CB5AD0087D461 /* MVRouter.swift */; };
		8D0FD550207CCD620087D461 /* MVHomeCell.swift in Sources */ = {isa = PBXBuildFile; fileRef = 8D0FD54F207CCD620087D461 /* MVHomeCell.swift */; };
		8D0FD554207D09440087D461 /* MVDetailViewController.swift in Sources */ = {isa = PBXBuildFile; fileRef = 8D0FD553207D09440087D461 /* MVDetailViewController.swift */; };
		8D0FD556207D09540087D461 /* MVDetailViewModel.swift in Sources */ = {isa = PBXBuildFile; fileRef = 8D0FD555207D09540087D461 /* MVDetailViewModel.swift */; };
		8D0FD559207D1D630087D461 /* MVExtensions.swift in Sources */ = {isa = PBXBuildFile; fileRef = 8D0FD558207D1D630087D461 /* MVExtensions.swift */; };
		8D0FD55C207D1F1B0087D461 /* MVApiRequestTests.swift in Sources */ = {isa = PBXBuildFile; fileRef = 8D0FD55B207D1F1B0087D461 /* MVApiRequestTests.swift */; };
		8D0FD55E207D1F940087D461 /* MVNetworkServiceMock.swift in Sources */ = {isa = PBXBuildFile; fileRef = 8D0FD55D207D1F940087D461 /* MVNetworkServiceMock.swift */; };
		8D0FD561207D2D650087D461 /* BaseViewController.swift in Sources */ = {isa = PBXBuildFile; fileRef = 8D0FD560207D2D650087D461 /* BaseViewController.swift */; };
		8D730857207C2F1E00CE2770 /* MVNetworkService.swift in Sources */ = {isa = PBXBuildFile; fileRef = 8D730856207C2F1E00CE2770 /* MVNetworkService.swift */; };
		8DAC9981207C29DB00104E62 /* AppDelegate.swift in Sources */ = {isa = PBXBuildFile; fileRef = 8DAC9980207C29DB00104E62 /* AppDelegate.swift */; };
		8DAC9986207C29DB00104E62 /* Main.storyboard in Resources */ = {isa = PBXBuildFile; fileRef = 8DAC9984207C29DB00104E62 /* Main.storyboard */; };
		8DAC9988207C29DB00104E62 /* Assets.xcassets in Resources */ = {isa = PBXBuildFile; fileRef = 8DAC9987207C29DB00104E62 /* Assets.xcassets */; };
		8DAC998B207C29DB00104E62 /* LaunchScreen.storyboard in Resources */ = {isa = PBXBuildFile; fileRef = 8DAC9989207C29DB00104E62 /* LaunchScreen.storyboard */; };
		8DAC99A1207C29DB00104E62 /* MarvelUITests.swift in Sources */ = {isa = PBXBuildFile; fileRef = 8DAC99A0207C29DB00104E62 /* MarvelUITests.swift */; };
		D2CD84883B90FCBA40A8DEA7 /* Pods_MarvelUITests.framework in Frameworks */ = {isa = PBXBuildFile; fileRef = 007EBA3F7FA7E9C5F0012B6B /* Pods_MarvelUITests.framework */; };
/* End PBXBuildFile section */

/* Begin PBXContainerItemProxy section */
		8DAC9992207C29DB00104E62 /* PBXContainerItemProxy */ = {
			isa = PBXContainerItemProxy;
			containerPortal = 8DAC9975207C29DB00104E62 /* Project object */;
			proxyType = 1;
			remoteGlobalIDString = 8DAC997C207C29DB00104E62;
			remoteInfo = Marvel;
		};
		8DAC999D207C29DB00104E62 /* PBXContainerItemProxy */ = {
			isa = PBXContainerItemProxy;
			containerPortal = 8DAC9975207C29DB00104E62 /* Project object */;
			proxyType = 1;
			remoteGlobalIDString = 8DAC997C207C29DB00104E62;
			remoteInfo = Marvel;
		};
/* End PBXContainerItemProxy section */

/* Begin PBXFileReference section */
		007EBA3F7FA7E9C5F0012B6B /* Pods_MarvelUITests.framework */ = {isa = PBXFileReference; explicitFileType = wrapper.framework; includeInIndex = 0; path = Pods_MarvelUITests.framework; sourceTree = BUILT_PRODUCTS_DIR; };
		1E982DDB44912CF06A018A5B /* Pods-MarvelTests.debug.xcconfig */ = {isa = PBXFileReference; includeInIndex = 1; lastKnownFileType = text.xcconfig; name = "Pods-MarvelTests.debug.xcconfig"; path = "Pods/Target Support Files/Pods-MarvelTests/Pods-MarvelTests.debug.xcconfig"; sourceTree = "<group>"; };
		207D9C571D7E61A09720FCB2 /* Pods-MarvelUITests.debug.xcconfig */ = {isa = PBXFileReference; includeInIndex = 1; lastKnownFileType = text.xcconfig; name = "Pods-MarvelUITests.debug.xcconfig"; path = "Pods/Target Support Files/Pods-MarvelUITests/Pods-MarvelUITests.debug.xcconfig"; sourceTree = "<group>"; };
		20C9C961583B9D5AD247518D /* Pods-MarvelUITests.release.xcconfig */ = {isa = PBXFileReference; includeInIndex = 1; lastKnownFileType = text.xcconfig; name = "Pods-MarvelUITests.release.xcconfig"; path = "Pods/Target Support Files/Pods-MarvelUITests/Pods-MarvelUITests.release.xcconfig"; sourceTree = "<group>"; };
		46AC9CEF0956FAE90D0FC819 /* Pods_MarvelTests.framework */ = {isa = PBXFileReference; explicitFileType = wrapper.framework; includeInIndex = 0; path = Pods_MarvelTests.framework; sourceTree = BUILT_PRODUCTS_DIR; };
		737406F80991BF6547E934F4 /* Pods_Marvel.framework */ = {isa = PBXFileReference; explicitFileType = wrapper.framework; includeInIndex = 0; path = Pods_Marvel.framework; sourceTree = BUILT_PRODUCTS_DIR; };
		75516190207D43D30020AC12 /* MVCharactersModelMock.swift */ = {isa = PBXFileReference; lastKnownFileType = sourcecode.swift; path = MVCharactersModelMock.swift; sourceTree = "<group>"; };
		8B4AF7685059E2B6FDAF8916 /* Pods-Marvel.release.xcconfig */ = {isa = PBXFileReference; includeInIndex = 1; lastKnownFileType = text.xcconfig; name = "Pods-Marvel.release.xcconfig"; path = "Pods/Target Support Files/Pods-Marvel/Pods-Marvel.release.xcconfig"; sourceTree = "<group>"; };
		8CAF63A657D8FFA0BBBEBC16 /* Pods-Marvel.debug.xcconfig */ = {isa = PBXFileReference; includeInIndex = 1; lastKnownFileType = text.xcconfig; name = "Pods-Marvel.debug.xcconfig"; path = "Pods/Target Support Files/Pods-Marvel/Pods-Marvel.debug.xcconfig"; sourceTree = "<group>"; };
		8D0FD536207C30F70087D461 /* MVNetworkResultTypes.swift */ = {isa = PBXFileReference; lastKnownFileType = sourcecode.swift; path = MVNetworkResultTypes.swift; sourceTree = "<group>"; };
		8D0FD538207C40E70087D461 /* MVAPIKeys.swift */ = {isa = PBXFileReference; lastKnownFileType = sourcecode.swift; path = MVAPIKeys.swift; sourceTree = "<group>"; };
		8D0FD53B207C42360087D461 /* MVApiRequest.swift */ = {isa = PBXFileReference; lastKnownFileType = sourcecode.swift; path = MVApiRequest.swift; sourceTree = "<group>"; };
		8D0FD53D207C43E70087D461 /* MVAPIRoutes.swift */ = {isa = PBXFileReference; lastKnownFileType = sourcecode.swift; path = MVAPIRoutes.swift; sourceTree = "<group>"; };
		8D0FD540207C4DBE0087D461 /* MVHomeViewModel.swift */ = {isa = PBXFileReference; lastKnownFileType = sourcecode.swift; path = MVHomeViewModel.swift; sourceTree = "<group>"; };
		8D0FD542207C4DD00087D461 /* MVHomeViewController.swift */ = {isa = PBXFileReference; lastKnownFileType = sourcecode.swift; path = MVHomeViewController.swift; sourceTree = "<group>"; };
		8D0FD545207C4E470087D461 /* MVCharactersModel.swift */ = {isa = PBXFileReference; lastKnownFileType = sourcecode.swift; path = MVCharactersModel.swift; sourceTree = "<group>"; };
		8D0FD547207C56DD0087D461 /* MVCharacter.swift */ = {isa = PBXFileReference; lastKnownFileType = sourcecode.swift; path = MVCharacter.swift; sourceTree = "<group>"; };
		8D0FD54D207CB5AD0087D461 /* MVRouter.swift */ = {isa = PBXFileReference; lastKnownFileType = sourcecode.swift; path = MVRouter.swift; sourceTree = "<group>"; };
		8D0FD54F207CCD620087D461 /* MVHomeCell.swift */ = {isa = PBXFileReference; lastKnownFileType = sourcecode.swift; path = MVHomeCell.swift; sourceTree = "<group>"; };
		8D0FD553207D09440087D461 /* MVDetailViewController.swift */ = {isa = PBXFileReference; lastKnownFileType = sourcecode.swift; path = MVDetailViewController.swift; sourceTree = "<group>"; };
		8D0FD555207D09540087D461 /* MVDetailViewModel.swift */ = {isa = PBXFileReference; lastKnownFileType = sourcecode.swift; path = MVDetailViewModel.swift; sourceTree = "<group>"; };
		8D0FD558207D1D630087D461 /* MVExtensions.swift */ = {isa = PBXFileReference; lastKnownFileType = sourcecode.swift; path = MVExtensions.swift; sourceTree = "<group>"; };
		8D0FD55B207D1F1B0087D461 /* MVApiRequestTests.swift */ = {isa = PBXFileReference; lastKnownFileType = sourcecode.swift; path = MVApiRequestTests.swift; sourceTree = "<group>"; };
		8D0FD55D207D1F940087D461 /* MVNetworkServiceMock.swift */ = {isa = PBXFileReference; lastKnownFileType = sourcecode.swift; path = MVNetworkServiceMock.swift; sourceTree = "<group>"; };
		8D0FD560207D2D650087D461 /* BaseViewController.swift */ = {isa = PBXFileReference; lastKnownFileType = sourcecode.swift; path = BaseViewController.swift; sourceTree = "<group>"; };
		8D730856207C2F1E00CE2770 /* MVNetworkService.swift */ = {isa = PBXFileReference; lastKnownFileType = sourcecode.swift; path = MVNetworkService.swift; sourceTree = "<group>"; };
		8DAC997D207C29DB00104E62 /* Marvel.app */ = {isa = PBXFileReference; explicitFileType = wrapper.application; includeInIndex = 0; path = Marvel.app; sourceTree = BUILT_PRODUCTS_DIR; };
		8DAC9980207C29DB00104E62 /* AppDelegate.swift */ = {isa = PBXFileReference; lastKnownFileType = sourcecode.swift; path = AppDelegate.swift; sourceTree = "<group>"; };
		8DAC9985207C29DB00104E62 /* Base */ = {isa = PBXFileReference; lastKnownFileType = file.storyboard; name = Base; path = Base.lproj/Main.storyboard; sourceTree = "<group>"; };
		8DAC9987207C29DB00104E62 /* Assets.xcassets */ = {isa = PBXFileReference; lastKnownFileType = folder.assetcatalog; path = Assets.xcassets; sourceTree = "<group>"; };
		8DAC998A207C29DB00104E62 /* Base */ = {isa = PBXFileReference; lastKnownFileType = file.storyboard; name = Base; path = Base.lproj/LaunchScreen.storyboard; sourceTree = "<group>"; };
		8DAC998C207C29DB00104E62 /* Info.plist */ = {isa = PBXFileReference; lastKnownFileType = text.plist.xml; path = Info.plist; sourceTree = "<group>"; };
		8DAC9991207C29DB00104E62 /* MarvelTests.xctest */ = {isa = PBXFileReference; explicitFileType = wrapper.cfbundle; includeInIndex = 0; path = MarvelTests.xctest; sourceTree = BUILT_PRODUCTS_DIR; };
		8DAC9997207C29DB00104E62 /* Info.plist */ = {isa = PBXFileReference; lastKnownFileType = text.plist.xml; path = Info.plist; sourceTree = "<group>"; };
		8DAC999C207C29DB00104E62 /* MarvelUITests.xctest */ = {isa = PBXFileReference; explicitFileType = wrapper.cfbundle; includeInIndex = 0; path = MarvelUITests.xctest; sourceTree = BUILT_PRODUCTS_DIR; };
		8DAC99A0207C29DB00104E62 /* MarvelUITests.swift */ = {isa = PBXFileReference; lastKnownFileType = sourcecode.swift; path = MarvelUITests.swift; sourceTree = "<group>"; };
		8DAC99A2207C29DB00104E62 /* Info.plist */ = {isa = PBXFileReference; lastKnownFileType = text.plist.xml; path = Info.plist; sourceTree = "<group>"; };
		9951F6847272776588BBD76A /* Pods-MarvelTests.release.xcconfig */ = {isa = PBXFileReference; includeInIndex = 1; lastKnownFileType = text.xcconfig; name = "Pods-MarvelTests.release.xcconfig"; path = "Pods/Target Support Files/Pods-MarvelTests/Pods-MarvelTests.release.xcconfig"; sourceTree = "<group>"; };
/* End PBXFileReference section */

/* Begin PBXFrameworksBuildPhase section */
		8DAC997A207C29DB00104E62 /* Frameworks */ = {
			isa = PBXFrameworksBuildPhase;
			buildActionMask = 2147483647;
			files = (
				81756FCE18B04BAAC324612F /* Pods_Marvel.framework in Frameworks */,
			);
			runOnlyForDeploymentPostprocessing = 0;
		};
		8DAC998E207C29DB00104E62 /* Frameworks */ = {
			isa = PBXFrameworksBuildPhase;
			buildActionMask = 2147483647;
			files = (
				1C9730F8FE6688EA12F0014E /* Pods_MarvelTests.framework in Frameworks */,
			);
			runOnlyForDeploymentPostprocessing = 0;
		};
		8DAC9999207C29DB00104E62 /* Frameworks */ = {
			isa = PBXFrameworksBuildPhase;
			buildActionMask = 2147483647;
			files = (
				D2CD84883B90FCBA40A8DEA7 /* Pods_MarvelUITests.framework in Frameworks */,
			);
			runOnlyForDeploymentPostprocessing = 0;
		};
/* End PBXFrameworksBuildPhase section */

/* Begin PBXGroup section */
		0C99B8F46A85A7A59D5611BF /* Pods */ = {
			isa = PBXGroup;
			children = (
				8CAF63A657D8FFA0BBBEBC16 /* Pods-Marvel.debug.xcconfig */,
				8B4AF7685059E2B6FDAF8916 /* Pods-Marvel.release.xcconfig */,
				1E982DDB44912CF06A018A5B /* Pods-MarvelTests.debug.xcconfig */,
				9951F6847272776588BBD76A /* Pods-MarvelTests.release.xcconfig */,
				207D9C571D7E61A09720FCB2 /* Pods-MarvelUITests.debug.xcconfig */,
				20C9C961583B9D5AD247518D /* Pods-MarvelUITests.release.xcconfig */,
			);
			name = Pods;
			sourceTree = "<group>";
		};
		5B46DFAEC7CFDE29B02790CD /* Frameworks */ = {
			isa = PBXGroup;
			children = (
				737406F80991BF6547E934F4 /* Pods_Marvel.framework */,
				46AC9CEF0956FAE90D0FC819 /* Pods_MarvelTests.framework */,
				007EBA3F7FA7E9C5F0012B6B /* Pods_MarvelUITests.framework */,
			);
			name = Frameworks;
			sourceTree = "<group>";
		};
		7551618C207D35C80020AC12 /* Router */ = {
			isa = PBXGroup;
			children = (
				8D0FD54D207CB5AD0087D461 /* MVRouter.swift */,
			);
			path = Router;
			sourceTree = "<group>";
		};
		7551618D207D43270020AC12 /* Extensions */ = {
			isa = PBXGroup;
			children = (
				8D0FD558207D1D630087D461 /* MVExtensions.swift */,
			);
			path = Extensions;
			sourceTree = "<group>";
		};
		8D0FD53A207C41970087D461 /* API */ = {
			isa = PBXGroup;
			children = (
				8D0FD538207C40E70087D461 /* MVAPIKeys.swift */,
				8D0FD53D207C43E70087D461 /* MVAPIRoutes.swift */,
				8D0FD53B207C42360087D461 /* MVApiRequest.swift */,
			);
			path = API;
			sourceTree = "<group>";
		};
		8D0FD53F207C4D6B0087D461 /* Features */ = {
			isa = PBXGroup;
			children = (
				8DAC9984207C29DB00104E62 /* Main.storyboard */,
				7551618C207D35C80020AC12 /* Router */,
				8D0FD54B207CB4800087D461 /* Home */,
				8D0FD54C207CB4860087D461 /* Detail */,
			);
			path = Features;
			sourceTree = "<group>";
		};
		8D0FD544207C4E230087D461 /* Model */ = {
			isa = PBXGroup;
			children = (
				8D0FD545207C4E470087D461 /* MVCharactersModel.swift */,
				8D0FD547207C56DD0087D461 /* MVCharacter.swift */,
			);
			path = Model;
			sourceTree = "<group>";
		};
		8D0FD54B207CB4800087D461 /* Home */ = {
			isa = PBXGroup;
			children = (
				8D0FD542207C4DD00087D461 /* MVHomeViewController.swift */,
				8D0FD540207C4DBE0087D461 /* MVHomeViewModel.swift */,
				8D0FD54F207CCD620087D461 /* MVHomeCell.swift */,
			);
			path = Home;
			sourceTree = "<group>";
		};
		8D0FD54C207CB4860087D461 /* Detail */ = {
			isa = PBXGroup;
			children = (
				8D0FD553207D09440087D461 /* MVDetailViewController.swift */,
				8D0FD555207D09540087D461 /* MVDetailViewModel.swift */,
			);
			path = Detail;
			sourceTree = "<group>";
		};
		8D0FD557207D1D510087D461 /* Resources */ = {
			isa = PBXGroup;
			children = (
				8DAC9989207C29DB00104E62 /* LaunchScreen.storyboard */,
				8DAC9987207C29DB00104E62 /* Assets.xcassets */,
			);
			path = Resources;
			sourceTree = "<group>";
		};
		8D0FD55A207D1EFF0087D461 /* Mocks */ = {
			isa = PBXGroup;
			children = (
				8D0FD55D207D1F940087D461 /* MVNetworkServiceMock.swift */,
				75516190207D43D30020AC12 /* MVCharactersModelMock.swift */,
			);
			path = Mocks;
			sourceTree = "<group>";
		};
		8D0FD55F207D2D530087D461 /* BaseClasses */ = {
			isa = PBXGroup;
			children = (
				8D0FD560207D2D650087D461 /* BaseViewController.swift */,
			);
			path = BaseClasses;
			sourceTree = "<group>";
		};
		8D0FD562207D2F5B0087D461 /* Application */ = {
			isa = PBXGroup;
			children = (
				8DAC9980207C29DB00104E62 /* AppDelegate.swift */,
			);
			path = Application;
			sourceTree = "<group>";
		};
		8D730855207C2DB700CE2770 /* Network */ = {
			isa = PBXGroup;
			children = (
				8D730856207C2F1E00CE2770 /* MVNetworkService.swift */,
				8D0FD536207C30F70087D461 /* MVNetworkResultTypes.swift */,
			);
			path = Network;
			sourceTree = "<group>";
		};
		8DAC9974207C29DB00104E62 = {
			isa = PBXGroup;
			children = (
				8DAC997F207C29DB00104E62 /* Marvel */,
				8DAC9994207C29DB00104E62 /* MarvelTests */,
				8DAC999F207C29DB00104E62 /* MarvelUITests */,
				8DAC997E207C29DB00104E62 /* Products */,
				0C99B8F46A85A7A59D5611BF /* Pods */,
				5B46DFAEC7CFDE29B02790CD /* Frameworks */,
			);
			sourceTree = "<group>";
		};
		8DAC997E207C29DB00104E62 /* Products */ = {
			isa = PBXGroup;
			children = (
				8DAC997D207C29DB00104E62 /* Marvel.app */,
				8DAC9991207C29DB00104E62 /* MarvelTests.xctest */,
				8DAC999C207C29DB00104E62 /* MarvelUITests.xctest */,
			);
			name = Products;
			sourceTree = "<group>";
		};
		8DAC997F207C29DB00104E62 /* Marvel */ = {
			isa = PBXGroup;
			children = (
				8DAC998C207C29DB00104E62 /* Info.plist */,
				8D0FD562207D2F5B0087D461 /* Application */,
				8D730855207C2DB700CE2770 /* Network */,
				8D0FD53A207C41970087D461 /* API */,
				8D0FD544207C4E230087D461 /* Model */,
				8D0FD55F207D2D530087D461 /* BaseClasses */,
				8D0FD53F207C4D6B0087D461 /* Features */,
				7551618D207D43270020AC12 /* Extensions */,
				8D0FD557207D1D510087D461 /* Resources */,
			);
			path = Marvel;
			sourceTree = "<group>";
		};
		8DAC9994207C29DB00104E62 /* MarvelTests */ = {
			isa = PBXGroup;
			children = (
				8D0FD55A207D1EFF0087D461 /* Mocks */,
				8DAC9997207C29DB00104E62 /* Info.plist */,
				8D0FD55B207D1F1B0087D461 /* MVApiRequestTests.swift */,
			);
			path = MarvelTests;
			sourceTree = "<group>";
		};
		8DAC999F207C29DB00104E62 /* MarvelUITests */ = {
			isa = PBXGroup;
			children = (
				8DAC99A0207C29DB00104E62 /* MarvelUITests.swift */,
				8DAC99A2207C29DB00104E62 /* Info.plist */,
			);
			path = MarvelUITests;
			sourceTree = "<group>";
		};
/* End PBXGroup section */

/* Begin PBXNativeTarget section */
		8DAC997C207C29DB00104E62 /* Marvel */ = {
			isa = PBXNativeTarget;
			buildConfigurationList = 8DAC99A5207C29DB00104E62 /* Build configuration list for PBXNativeTarget "Marvel" */;
			buildPhases = (
				FF63959C4FF83004CF96ED7D /* [CP] Check Pods Manifest.lock */,
				8DAC9979207C29DB00104E62 /* Sources */,
				8DAC997A207C29DB00104E62 /* Frameworks */,
				8DAC997B207C29DB00104E62 /* Resources */,
				8EA7F23FE55D37A0A962DA0C /* [CP] Embed Pods Frameworks */,
				6E68F5512714B3CD6D1A632F /* [CP] Copy Pods Resources */,
			);
			buildRules = (
			);
			dependencies = (
			);
			name = Marvel;
			productName = Marvel;
			productReference = 8DAC997D207C29DB00104E62 /* Marvel.app */;
			productType = "com.apple.product-type.application";
		};
		8DAC9990207C29DB00104E62 /* MarvelTests */ = {
			isa = PBXNativeTarget;
			buildConfigurationList = 8DAC99A8207C29DB00104E62 /* Build configuration list for PBXNativeTarget "MarvelTests" */;
			buildPhases = (
				154EA3BB7FC36521B7966C06 /* [CP] Check Pods Manifest.lock */,
				8DAC998D207C29DB00104E62 /* Sources */,
				8DAC998E207C29DB00104E62 /* Frameworks */,
				8DAC998F207C29DB00104E62 /* Resources */,
				2B0B9760FD58984D3837A7E1 /* [CP] Embed Pods Frameworks */,
				D18F135EE97BB01E8AC0CC4E /* [CP] Copy Pods Resources */,
			);
			buildRules = (
			);
			dependencies = (
				8DAC9993207C29DB00104E62 /* PBXTargetDependency */,
			);
			name = MarvelTests;
			productName = MarvelTests;
			productReference = 8DAC9991207C29DB00104E62 /* MarvelTests.xctest */;
			productType = "com.apple.product-type.bundle.unit-test";
		};
		8DAC999B207C29DB00104E62 /* MarvelUITests */ = {
			isa = PBXNativeTarget;
			buildConfigurationList = 8DAC99AB207C29DB00104E62 /* Build configuration list for PBXNativeTarget "MarvelUITests" */;
			buildPhases = (
				67B38C2B5CEFBA96ADEB09C1 /* [CP] Check Pods Manifest.lock */,
				8DAC9998207C29DB00104E62 /* Sources */,
				8DAC9999207C29DB00104E62 /* Frameworks */,
				8DAC999A207C29DB00104E62 /* Resources */,
				E10BD231D6558FD408F96412 /* [CP] Embed Pods Frameworks */,
				EF84174959A961D15D5834B0 /* [CP] Copy Pods Resources */,
			);
			buildRules = (
			);
			dependencies = (
				8DAC999E207C29DB00104E62 /* PBXTargetDependency */,
			);
			name = MarvelUITests;
			productName = MarvelUITests;
			productReference = 8DAC999C207C29DB00104E62 /* MarvelUITests.xctest */;
			productType = "com.apple.product-type.bundle.ui-testing";
		};
/* End PBXNativeTarget section */

/* Begin PBXProject section */
		8DAC9975207C29DB00104E62 /* Project object */ = {
			isa = PBXProject;
			attributes = {
				LastSwiftUpdateCheck = 0920;
				LastUpgradeCheck = 0920;
				ORGANIZATIONNAME = "Marcos Borges";
				TargetAttributes = {
					8DAC997C207C29DB00104E62 = {
						CreatedOnToolsVersion = 9.2;
						ProvisioningStyle = Automatic;
					};
					8DAC9990207C29DB00104E62 = {
						CreatedOnToolsVersion = 9.2;
						ProvisioningStyle = Automatic;
						TestTargetID = 8DAC997C207C29DB00104E62;
					};
					8DAC999B207C29DB00104E62 = {
						CreatedOnToolsVersion = 9.2;
						ProvisioningStyle = Automatic;
						TestTargetID = 8DAC997C207C29DB00104E62;
					};
				};
			};
			buildConfigurationList = 8DAC9978207C29DB00104E62 /* Build configuration list for PBXProject "Marvel" */;
			compatibilityVersion = "Xcode 8.0";
			developmentRegion = en;
			hasScannedForEncodings = 0;
			knownRegions = (
				en,
				Base,
			);
			mainGroup = 8DAC9974207C29DB00104E62;
			productRefGroup = 8DAC997E207C29DB00104E62 /* Products */;
			projectDirPath = "";
			projectRoot = "";
			targets = (
				8DAC997C207C29DB00104E62 /* Marvel */,
				8DAC9990207C29DB00104E62 /* MarvelTests */,
				8DAC999B207C29DB00104E62 /* MarvelUITests */,
			);
		};
/* End PBXProject section */

/* Begin PBXResourcesBuildPhase section */
		8DAC997B207C29DB00104E62 /* Resources */ = {
			isa = PBXResourcesBuildPhase;
			buildActionMask = 2147483647;
			files = (
				8DAC998B207C29DB00104E62 /* LaunchScreen.storyboard in Resources */,
				8DAC9988207C29DB00104E62 /* Assets.xcassets in Resources */,
				8DAC9986207C29DB00104E62 /* Main.storyboard in Resources */,
			);
			runOnlyForDeploymentPostprocessing = 0;
		};
		8DAC998F207C29DB00104E62 /* Resources */ = {
			isa = PBXResourcesBuildPhase;
			buildActionMask = 2147483647;
			files = (
			);
			runOnlyForDeploymentPostprocessing = 0;
		};
		8DAC999A207C29DB00104E62 /* Resources */ = {
			isa = PBXResourcesBuildPhase;
			buildActionMask = 2147483647;
			files = (
			);
			runOnlyForDeploymentPostprocessing = 0;
		};
/* End PBXResourcesBuildPhase section */

/* Begin PBXShellScriptBuildPhase section */
		154EA3BB7FC36521B7966C06 /* [CP] Check Pods Manifest.lock */ = {
			isa = PBXShellScriptBuildPhase;
			buildActionMask = 2147483647;
			files = (
			);
			inputPaths = (
				"${PODS_PODFILE_DIR_PATH}/Podfile.lock",
				"${PODS_ROOT}/Manifest.lock",
			);
			name = "[CP] Check Pods Manifest.lock";
			outputPaths = (
				"$(DERIVED_FILE_DIR)/Pods-MarvelTests-checkManifestLockResult.txt",
			);
			runOnlyForDeploymentPostprocessing = 0;
			shellPath = /bin/sh;
			shellScript = "diff \"${PODS_PODFILE_DIR_PATH}/Podfile.lock\" \"${PODS_ROOT}/Manifest.lock\" > /dev/null\nif [ $? != 0 ] ; then\n    # print error to STDERR\n    echo \"error: The sandbox is not in sync with the Podfile.lock. Run 'pod install' or update your CocoaPods installation.\" >&2\n    exit 1\nfi\n# This output is used by Xcode 'outputs' to avoid re-running this script phase.\necho \"SUCCESS\" > \"${SCRIPT_OUTPUT_FILE_0}\"\n";
			showEnvVarsInLog = 0;
		};
		2B0B9760FD58984D3837A7E1 /* [CP] Embed Pods Frameworks */ = {
			isa = PBXShellScriptBuildPhase;
			buildActionMask = 2147483647;
			files = (
			);
			inputPaths = (
			);
			name = "[CP] Embed Pods Frameworks";
			outputPaths = (
			);
			runOnlyForDeploymentPostprocessing = 0;
			shellPath = /bin/sh;
			shellScript = "\"${SRCROOT}/Pods/Target Support Files/Pods-MarvelTests/Pods-MarvelTests-frameworks.sh\"\n";
			showEnvVarsInLog = 0;
		};
		67B38C2B5CEFBA96ADEB09C1 /* [CP] Check Pods Manifest.lock */ = {
			isa = PBXShellScriptBuildPhase;
			buildActionMask = 2147483647;
			files = (
			);
			inputPaths = (
				"${PODS_PODFILE_DIR_PATH}/Podfile.lock",
				"${PODS_ROOT}/Manifest.lock",
			);
			name = "[CP] Check Pods Manifest.lock";
			outputPaths = (
				"$(DERIVED_FILE_DIR)/Pods-MarvelUITests-checkManifestLockResult.txt",
			);
			runOnlyForDeploymentPostprocessing = 0;
			shellPath = /bin/sh;
			shellScript = "diff \"${PODS_PODFILE_DIR_PATH}/Podfile.lock\" \"${PODS_ROOT}/Manifest.lock\" > /dev/null\nif [ $? != 0 ] ; then\n    # print error to STDERR\n    echo \"error: The sandbox is not in sync with the Podfile.lock. Run 'pod install' or update your CocoaPods installation.\" >&2\n    exit 1\nfi\n# This output is used by Xcode 'outputs' to avoid re-running this script phase.\necho \"SUCCESS\" > \"${SCRIPT_OUTPUT_FILE_0}\"\n";
			showEnvVarsInLog = 0;
		};
		6E68F5512714B3CD6D1A632F /* [CP] Copy Pods Resources */ = {
			isa = PBXShellScriptBuildPhase;
			buildActionMask = 2147483647;
			files = (
			);
			inputPaths = (
			);
			name = "[CP] Copy Pods Resources";
			outputPaths = (
			);
			runOnlyForDeploymentPostprocessing = 0;
			shellPath = /bin/sh;
			shellScript = "\"${SRCROOT}/Pods/Target Support Files/Pods-Marvel/Pods-Marvel-resources.sh\"\n";
			showEnvVarsInLog = 0;
		};
		8EA7F23FE55D37A0A962DA0C /* [CP] Embed Pods Frameworks */ = {
			isa = PBXShellScriptBuildPhase;
			buildActionMask = 2147483647;
			files = (
			);
			inputPaths = (
				"${SRCROOT}/Pods/Target Support Files/Pods-Marvel/Pods-Marvel-frameworks.sh",
				"${BUILT_PRODUCTS_DIR}/Alamofire/Alamofire.framework",
				"${BUILT_PRODUCTS_DIR}/CryptoSwift/CryptoSwift.framework",
				"${BUILT_PRODUCTS_DIR}/Kingfisher/Kingfisher.framework",
				"${BUILT_PRODUCTS_DIR}/MBProgressHUD/MBProgressHUD.framework",
				"${BUILT_PRODUCTS_DIR}/RxCocoa/RxCocoa.framework",
				"${BUILT_PRODUCTS_DIR}/RxSwift/RxSwift.framework",
				"${BUILT_PRODUCTS_DIR}/SwiftyJSON/SwiftyJSON.framework",
			);
			name = "[CP] Embed Pods Frameworks";
			outputPaths = (
				"${TARGET_BUILD_DIR}/${FRAMEWORKS_FOLDER_PATH}/Alamofire.framework",
				"${TARGET_BUILD_DIR}/${FRAMEWORKS_FOLDER_PATH}/CryptoSwift.framework",
				"${TARGET_BUILD_DIR}/${FRAMEWORKS_FOLDER_PATH}/Kingfisher.framework",
				"${TARGET_BUILD_DIR}/${FRAMEWORKS_FOLDER_PATH}/MBProgressHUD.framework",
				"${TARGET_BUILD_DIR}/${FRAMEWORKS_FOLDER_PATH}/RxCocoa.framework",
				"${TARGET_BUILD_DIR}/${FRAMEWORKS_FOLDER_PATH}/RxSwift.framework",
				"${TARGET_BUILD_DIR}/${FRAMEWORKS_FOLDER_PATH}/SwiftyJSON.framework",
			);
			runOnlyForDeploymentPostprocessing = 0;
			shellPath = /bin/sh;
			shellScript = "\"${SRCROOT}/Pods/Target Support Files/Pods-Marvel/Pods-Marvel-frameworks.sh\"\n";
			showEnvVarsInLog = 0;
		};
		D18F135EE97BB01E8AC0CC4E /* [CP] Copy Pods Resources */ = {
			isa = PBXShellScriptBuildPhase;
			buildActionMask = 2147483647;
			files = (
			);
			inputPaths = (
			);
			name = "[CP] Copy Pods Resources";
			outputPaths = (
			);
			runOnlyForDeploymentPostprocessing = 0;
			shellPath = /bin/sh;
			shellScript = "\"${SRCROOT}/Pods/Target Support Files/Pods-MarvelTests/Pods-MarvelTests-resources.sh\"\n";
			showEnvVarsInLog = 0;
		};
		E10BD231D6558FD408F96412 /* [CP] Embed Pods Frameworks */ = {
			isa = PBXShellScriptBuildPhase;
			buildActionMask = 2147483647;
			files = (
			);
			inputPaths = (
			);
			name = "[CP] Embed Pods Frameworks";
			outputPaths = (
			);
			runOnlyForDeploymentPostprocessing = 0;
			shellPath = /bin/sh;
			shellScript = "\"${SRCROOT}/Pods/Target Support Files/Pods-MarvelUITests/Pods-MarvelUITests-frameworks.sh\"\n";
			showEnvVarsInLog = 0;
		};
		EF84174959A961D15D5834B0 /* [CP] Copy Pods Resources */ = {
			isa = PBXShellScriptBuildPhase;
			buildActionMask = 2147483647;
			files = (
			);
			inputPaths = (
			);
			name = "[CP] Copy Pods Resources";
			outputPaths = (
			);
			runOnlyForDeploymentPostprocessing = 0;
			shellPath = /bin/sh;
			shellScript = "\"${SRCROOT}/Pods/Target Support Files/Pods-MarvelUITests/Pods-MarvelUITests-resources.sh\"\n";
			showEnvVarsInLog = 0;
		};
		FF63959C4FF83004CF96ED7D /* [CP] Check Pods Manifest.lock */ = {
			isa = PBXShellScriptBuildPhase;
			buildActionMask = 2147483647;
			files = (
			);
			inputPaths = (
				"${PODS_PODFILE_DIR_PATH}/Podfile.lock",
				"${PODS_ROOT}/Manifest.lock",
			);
			name = "[CP] Check Pods Manifest.lock";
			outputPaths = (
				"$(DERIVED_FILE_DIR)/Pods-Marvel-checkManifestLockResult.txt",
			);
			runOnlyForDeploymentPostprocessing = 0;
			shellPath = /bin/sh;
			shellScript = "diff \"${PODS_PODFILE_DIR_PATH}/Podfile.lock\" \"${PODS_ROOT}/Manifest.lock\" > /dev/null\nif [ $? != 0 ] ; then\n    # print error to STDERR\n    echo \"error: The sandbox is not in sync with the Podfile.lock. Run 'pod install' or update your CocoaPods installation.\" >&2\n    exit 1\nfi\n# This output is used by Xcode 'outputs' to avoid re-running this script phase.\necho \"SUCCESS\" > \"${SCRIPT_OUTPUT_FILE_0}\"\n";
			showEnvVarsInLog = 0;
		};
/* End PBXShellScriptBuildPhase section */

/* Begin PBXSourcesBuildPhase section */
		8DAC9979207C29DB00104E62 /* Sources */ = {
			isa = PBXSourcesBuildPhase;
			buildActionMask = 2147483647;
			files = (
				8D0FD543207C4DD00087D461 /* MVHomeViewController.swift in Sources */,
				8D0FD541207C4DBE0087D461 /* MVHomeViewModel.swift in Sources */,
				8D0FD554207D09440087D461 /* MVDetailViewController.swift in Sources */,
				8D0FD548207C56DD0087D461 /* MVCharacter.swift in Sources */,
				8D0FD546207C4E470087D461 /* MVCharactersModel.swift in Sources */,
				8D0FD54E207CB5AD0087D461 /* MVRouter.swift in Sources */,
				8D730857207C2F1E00CE2770 /* MVNetworkService.swift in Sources */,
				8D0FD537207C30F70087D461 /* MVNetworkResultTypes.swift in Sources */,
				8D0FD550207CCD620087D461 /* MVHomeCell.swift in Sources */,
				8D0FD556207D09540087D461 /* MVDetailViewModel.swift in Sources */,
				8D0FD53E207C43E70087D461 /* MVAPIRoutes.swift in Sources */,
				8DAC9981207C29DB00104E62 /* AppDelegate.swift in Sources */,
				8D0FD559207D1D630087D461 /* MVExtensions.swift in Sources */,
				8D0FD561207D2D650087D461 /* BaseViewController.swift in Sources */,
				8D0FD539207C40E70087D461 /* MVAPIKeys.swift in Sources */,
				8D0FD53C207C42360087D461 /* MVApiRequest.swift in Sources */,
			);
			runOnlyForDeploymentPostprocessing = 0;
		};
		8DAC998D207C29DB00104E62 /* Sources */ = {
			isa = PBXSourcesBuildPhase;
			buildActionMask = 2147483647;
			files = (
				75516191207D43D30020AC12 /* MVCharactersModelMock.swift in Sources */,
				8D0FD55E207D1F940087D461 /* MVNetworkServiceMock.swift in Sources */,
				8D0FD55C207D1F1B0087D461 /* MVApiRequestTests.swift in Sources */,
			);
			runOnlyForDeploymentPostprocessing = 0;
		};
		8DAC9998207C29DB00104E62 /* Sources */ = {
			isa = PBXSourcesBuildPhase;
			buildActionMask = 2147483647;
			files = (
				8DAC99A1207C29DB00104E62 /* MarvelUITests.swift in Sources */,
			);
			runOnlyForDeploymentPostprocessing = 0;
		};
/* End PBXSourcesBuildPhase section */

/* Begin PBXTargetDependency section */
		8DAC9993207C29DB00104E62 /* PBXTargetDependency */ = {
			isa = PBXTargetDependency;
			target = 8DAC997C207C29DB00104E62 /* Marvel */;
			targetProxy = 8DAC9992207C29DB00104E62 /* PBXContainerItemProxy */;
		};
		8DAC999E207C29DB00104E62 /* PBXTargetDependency */ = {
			isa = PBXTargetDependency;
			target = 8DAC997C207C29DB00104E62 /* Marvel */;
			targetProxy = 8DAC999D207C29DB00104E62 /* PBXContainerItemProxy */;
		};
/* End PBXTargetDependency section */

/* Begin PBXVariantGroup section */
		8DAC9984207C29DB00104E62 /* Main.storyboard */ = {
			isa = PBXVariantGroup;
			children = (
				8DAC9985207C29DB00104E62 /* Base */,
			);
			name = Main.storyboard;
			sourceTree = "<group>";
		};
		8DAC9989207C29DB00104E62 /* LaunchScreen.storyboard */ = {
			isa = PBXVariantGroup;
			children = (
				8DAC998A207C29DB00104E62 /* Base */,
			);
			name = LaunchScreen.storyboard;
			sourceTree = "<group>";
		};
/* End PBXVariantGroup section */

/* Begin XCBuildConfiguration section */
		8DAC99A3207C29DB00104E62 /* Debug */ = {
			isa = XCBuildConfiguration;
			buildSettings = {
				ALWAYS_SEARCH_USER_PATHS = NO;
				CLANG_ANALYZER_NONNULL = YES;
				CLANG_ANALYZER_NUMBER_OBJECT_CONVERSION = YES_AGGRESSIVE;
				CLANG_CXX_LANGUAGE_STANDARD = "gnu++14";
				CLANG_CXX_LIBRARY = "libc++";
				CLANG_ENABLE_MODULES = YES;
				CLANG_ENABLE_OBJC_ARC = YES;
				CLANG_WARN_BLOCK_CAPTURE_AUTORELEASING = YES;
				CLANG_WARN_BOOL_CONVERSION = YES;
				CLANG_WARN_COMMA = YES;
				CLANG_WARN_CONSTANT_CONVERSION = YES;
				CLANG_WARN_DIRECT_OBJC_ISA_USAGE = YES_ERROR;
				CLANG_WARN_DOCUMENTATION_COMMENTS = YES;
				CLANG_WARN_EMPTY_BODY = YES;
				CLANG_WARN_ENUM_CONVERSION = YES;
				CLANG_WARN_INFINITE_RECURSION = YES;
				CLANG_WARN_INT_CONVERSION = YES;
				CLANG_WARN_NON_LITERAL_NULL_CONVERSION = YES;
				CLANG_WARN_OBJC_LITERAL_CONVERSION = YES;
				CLANG_WARN_OBJC_ROOT_CLASS = YES_ERROR;
				CLANG_WARN_RANGE_LOOP_ANALYSIS = YES;
				CLANG_WARN_STRICT_PROTOTYPES = YES;
				CLANG_WARN_SUSPICIOUS_MOVE = YES;
				CLANG_WARN_UNGUARDED_AVAILABILITY = YES_AGGRESSIVE;
				CLANG_WARN_UNREACHABLE_CODE = YES;
				CLANG_WARN__DUPLICATE_METHOD_MATCH = YES;
				CODE_SIGN_IDENTITY = "iPhone Developer";
				COPY_PHASE_STRIP = NO;
				DEBUG_INFORMATION_FORMAT = dwarf;
				ENABLE_STRICT_OBJC_MSGSEND = YES;
				ENABLE_TESTABILITY = YES;
				GCC_C_LANGUAGE_STANDARD = gnu11;
				GCC_DYNAMIC_NO_PIC = NO;
				GCC_NO_COMMON_BLOCKS = YES;
				GCC_OPTIMIZATION_LEVEL = 0;
				GCC_PREPROCESSOR_DEFINITIONS = (
					"DEBUG=1",
					"$(inherited)",
				);
				GCC_WARN_64_TO_32_BIT_CONVERSION = YES;
				GCC_WARN_ABOUT_RETURN_TYPE = YES_ERROR;
				GCC_WARN_UNDECLARED_SELECTOR = YES;
				GCC_WARN_UNINITIALIZED_AUTOS = YES_AGGRESSIVE;
				GCC_WARN_UNUSED_FUNCTION = YES;
				GCC_WARN_UNUSED_VARIABLE = YES;
				IPHONEOS_DEPLOYMENT_TARGET = 11.2;
				MTL_ENABLE_DEBUG_INFO = YES;
				ONLY_ACTIVE_ARCH = YES;
				SDKROOT = iphoneos;
				SWIFT_ACTIVE_COMPILATION_CONDITIONS = DEBUG;
				SWIFT_OPTIMIZATION_LEVEL = "-Onone";
			};
			name = Debug;
		};
		8DAC99A4207C29DB00104E62 /* Release */ = {
			isa = XCBuildConfiguration;
			buildSettings = {
				ALWAYS_SEARCH_USER_PATHS = NO;
				CLANG_ANALYZER_NONNULL = YES;
				CLANG_ANALYZER_NUMBER_OBJECT_CONVERSION = YES_AGGRESSIVE;
				CLANG_CXX_LANGUAGE_STANDARD = "gnu++14";
				CLANG_CXX_LIBRARY = "libc++";
				CLANG_ENABLE_MODULES = YES;
				CLANG_ENABLE_OBJC_ARC = YES;
				CLANG_WARN_BLOCK_CAPTURE_AUTORELEASING = YES;
				CLANG_WARN_BOOL_CONVERSION = YES;
				CLANG_WARN_COMMA = YES;
				CLANG_WARN_CONSTANT_CONVERSION = YES;
				CLANG_WARN_DIRECT_OBJC_ISA_USAGE = YES_ERROR;
				CLANG_WARN_DOCUMENTATION_COMMENTS = YES;
				CLANG_WARN_EMPTY_BODY = YES;
				CLANG_WARN_ENUM_CONVERSION = YES;
				CLANG_WARN_INFINITE_RECURSION = YES;
				CLANG_WARN_INT_CONVERSION = YES;
				CLANG_WARN_NON_LITERAL_NULL_CONVERSION = YES;
				CLANG_WARN_OBJC_LITERAL_CONVERSION = YES;
				CLANG_WARN_OBJC_ROOT_CLASS = YES_ERROR;
				CLANG_WARN_RANGE_LOOP_ANALYSIS = YES;
				CLANG_WARN_STRICT_PROTOTYPES = YES;
				CLANG_WARN_SUSPICIOUS_MOVE = YES;
				CLANG_WARN_UNGUARDED_AVAILABILITY = YES_AGGRESSIVE;
				CLANG_WARN_UNREACHABLE_CODE = YES;
				CLANG_WARN__DUPLICATE_METHOD_MATCH = YES;
				CODE_SIGN_IDENTITY = "iPhone Developer";
				COPY_PHASE_STRIP = NO;
				DEBUG_INFORMATION_FORMAT = "dwarf-with-dsym";
				ENABLE_NS_ASSERTIONS = NO;
				ENABLE_STRICT_OBJC_MSGSEND = YES;
				GCC_C_LANGUAGE_STANDARD = gnu11;
				GCC_NO_COMMON_BLOCKS = YES;
				GCC_WARN_64_TO_32_BIT_CONVERSION = YES;
				GCC_WARN_ABOUT_RETURN_TYPE = YES_ERROR;
				GCC_WARN_UNDECLARED_SELECTOR = YES;
				GCC_WARN_UNINITIALIZED_AUTOS = YES_AGGRESSIVE;
				GCC_WARN_UNUSED_FUNCTION = YES;
				GCC_WARN_UNUSED_VARIABLE = YES;
				IPHONEOS_DEPLOYMENT_TARGET = 11.2;
				MTL_ENABLE_DEBUG_INFO = NO;
				SDKROOT = iphoneos;
				SWIFT_OPTIMIZATION_LEVEL = "-Owholemodule";
				VALIDATE_PRODUCT = YES;
			};
			name = Release;
		};
		8DAC99A6207C29DB00104E62 /* Debug */ = {
			isa = XCBuildConfiguration;
			baseConfigurationReference = 8CAF63A657D8FFA0BBBEBC16 /* Pods-Marvel.debug.xcconfig */;
			buildSettings = {
				ASSETCATALOG_COMPILER_APPICON_NAME = AppIcon;
				CODE_SIGN_STYLE = Automatic;
				DEVELOPMENT_TEAM = 254PSF9W29;
				INFOPLIST_FILE = Marvel/Info.plist;
				LD_RUNPATH_SEARCH_PATHS = "$(inherited) @executable_path/Frameworks";
				PRODUCT_BUNDLE_IDENTIFIER = com.xraysoft.marvel.Marvel;
				PRODUCT_NAME = "$(TARGET_NAME)";
				SWIFT_VERSION = 4.0;
				TARGETED_DEVICE_FAMILY = "1,2";
			};
			name = Debug;
		};
		8DAC99A7207C29DB00104E62 /* Release */ = {
			isa = XCBuildConfiguration;
			baseConfigurationReference = 8B4AF7685059E2B6FDAF8916 /* Pods-Marvel.release.xcconfig */;
			buildSettings = {
				ASSETCATALOG_COMPILER_APPICON_NAME = AppIcon;
				CODE_SIGN_STYLE = Automatic;
				DEVELOPMENT_TEAM = 254PSF9W29;
				INFOPLIST_FILE = Marvel/Info.plist;
				LD_RUNPATH_SEARCH_PATHS = "$(inherited) @executable_path/Frameworks";
				PRODUCT_BUNDLE_IDENTIFIER = com.xraysoft.marvel.Marvel;
				PRODUCT_NAME = "$(TARGET_NAME)";
				SWIFT_VERSION = 4.0;
				TARGETED_DEVICE_FAMILY = "1,2";
			};
			name = Release;
		};
		8DAC99A9207C29DB00104E62 /* Debug */ = {
			isa = XCBuildConfiguration;
			baseConfigurationReference = 1E982DDB44912CF06A018A5B /* Pods-MarvelTests.debug.xcconfig */;
			buildSettings = {
				ALWAYS_EMBED_SWIFT_STANDARD_LIBRARIES = YES;
				BUNDLE_LOADER = "$(TEST_HOST)";
				CODE_SIGN_STYLE = Automatic;
				DEVELOPMENT_TEAM = 254PSF9W29;
				INFOPLIST_FILE = MarvelTests/Info.plist;
				LD_RUNPATH_SEARCH_PATHS = "$(inherited) @executable_path/Frameworks @loader_path/Frameworks";
				PRODUCT_BUNDLE_IDENTIFIER = com.xraysoft.marvel.MarvelTests;
				PRODUCT_NAME = "$(TARGET_NAME)";
				SWIFT_VERSION = 4.0;
				TARGETED_DEVICE_FAMILY = "1,2";
				TEST_HOST = "$(BUILT_PRODUCTS_DIR)/Marvel.app/Marvel";
			};
			name = Debug;
		};
		8DAC99AA207C29DB00104E62 /* Release */ = {
			isa = XCBuildConfiguration;
			baseConfigurationReference = 9951F6847272776588BBD76A /* Pods-MarvelTests.release.xcconfig */;
			buildSettings = {
				ALWAYS_EMBED_SWIFT_STANDARD_LIBRARIES = YES;
				BUNDLE_LOADER = "$(TEST_HOST)";
				CODE_SIGN_STYLE = Automatic;
				DEVELOPMENT_TEAM = 254PSF9W29;
				INFOPLIST_FILE = MarvelTests/Info.plist;
				LD_RUNPATH_SEARCH_PATHS = "$(inherited) @executable_path/Frameworks @loader_path/Frameworks";
				PRODUCT_BUNDLE_IDENTIFIER = com.xraysoft.marvel.MarvelTests;
				PRODUCT_NAME = "$(TARGET_NAME)";
				SWIFT_VERSION = 4.0;
				TARGETED_DEVICE_FAMILY = "1,2";
				TEST_HOST = "$(BUILT_PRODUCTS_DIR)/Marvel.app/Marvel";
			};
			name = Release;
		};
		8DAC99AC207C29DB00104E62 /* Debug */ = {
			isa = XCBuildConfiguration;
			baseConfigurationReference = 207D9C571D7E61A09720FCB2 /* Pods-MarvelUITests.debug.xcconfig */;
			buildSettings = {
				ALWAYS_EMBED_SWIFT_STANDARD_LIBRARIES = YES;
				CODE_SIGN_STYLE = Automatic;
				DEVELOPMENT_TEAM = 254PSF9W29;
				INFOPLIST_FILE = MarvelUITests/Info.plist;
				LD_RUNPATH_SEARCH_PATHS = "$(inherited) @executable_path/Frameworks @loader_path/Frameworks";
				PRODUCT_BUNDLE_IDENTIFIER = com.xraysoft.marvel.MarvelUITests;
				PRODUCT_NAME = "$(TARGET_NAME)";
				SWIFT_VERSION = 4.0;
				TARGETED_DEVICE_FAMILY = "1,2";
				TEST_TARGET_NAME = Marvel;
			};
			name = Debug;
		};
		8DAC99AD207C29DB00104E62 /* Release */ = {
			isa = XCBuildConfiguration;
			baseConfigurationReference = 20C9C961583B9D5AD247518D /* Pods-MarvelUITests.release.xcconfig */;
			buildSettings = {
				ALWAYS_EMBED_SWIFT_STANDARD_LIBRARIES = YES;
				CODE_SIGN_STYLE = Automatic;
				DEVELOPMENT_TEAM = 254PSF9W29;
				INFOPLIST_FILE = MarvelUITests/Info.plist;
				LD_RUNPATH_SEARCH_PATHS = "$(inherited) @executable_path/Frameworks @loader_path/Frameworks";
				PRODUCT_BUNDLE_IDENTIFIER = com.xraysoft.marvel.MarvelUITests;
				PRODUCT_NAME = "$(TARGET_NAME)";
				SWIFT_VERSION = 4.0;
				TARGETED_DEVICE_FAMILY = "1,2";
				TEST_TARGET_NAME = Marvel;
			};
			name = Release;
		};
/* End XCBuildConfiguration section */

/* Begin XCConfigurationList section */
		8DAC9978207C29DB00104E62 /* Build configuration list for PBXProject "Marvel" */ = {
			isa = XCConfigurationList;
			buildConfigurations = (
				8DAC99A3207C29DB00104E62 /* Debug */,
				8DAC99A4207C29DB00104E62 /* Release */,
			);
			defaultConfigurationIsVisible = 0;
			defaultConfigurationName = Release;
		};
		8DAC99A5207C29DB00104E62 /* Build configuration list for PBXNativeTarget "Marvel" */ = {
			isa = XCConfigurationList;
			buildConfigurations = (
				8DAC99A6207C29DB00104E62 /* Debug */,
				8DAC99A7207C29DB00104E62 /* Release */,
			);
			defaultConfigurationIsVisible = 0;
			defaultConfigurationName = Release;
		};
		8DAC99A8207C29DB00104E62 /* Build configuration list for PBXNativeTarget "MarvelTests" */ = {
			isa = XCConfigurationList;
			buildConfigurations = (
				8DAC99A9207C29DB00104E62 /* Debug */,
				8DAC99AA207C29DB00104E62 /* Release */,
			);
			defaultConfigurationIsVisible = 0;
			defaultConfigurationName = Release;
		};
		8DAC99AB207C29DB00104E62 /* Build configuration list for PBXNativeTarget "MarvelUITests" */ = {
			isa = XCConfigurationList;
			buildConfigurations = (
				8DAC99AC207C29DB00104E62 /* Debug */,
				8DAC99AD207C29DB00104E62 /* Release */,
			);
			defaultConfigurationIsVisible = 0;
			defaultConfigurationName = Release;
		};
/* End XCConfigurationList section */
	};
	rootObject = 8DAC9975207C29DB00104E62 /* Project object */;
}
